
Microsoft Visual Studio Solution File, Format Version 12.00
# Visual Studio Version 17
VisualStudioVersion = 17.0.31903.59
MinimumVisualStudioVersion = 10.0.40219.1
Project("{2150E333-8FDC-42A3-9474-1A3956D46DE8}") = "src", "src", "{827E0CD3-B72D-47B6-A68D-7590B98EB39B}"
EndProject
Project("{FAE04EC0-301F-11D3-BF4B-00C04F79EFBC}") = "Portlite.Domain", "src\Portlite.Domain\Portlite.Domain.csproj", "{19444F47-96BA-4E21-9F85-9E6BF68ED611}"
EndProject
Project("{FAE04EC0-301F-11D3-BF4B-00C04F79EFBC}") = "Portlite.Shared", "src\Portlite.Shared\Portlite.Shared.csproj", "{0C813740-54A0-4A43-B60C-B70BC24FBB3F}"
EndProject
Project("{FAE04EC0-301F-11D3-BF4B-00C04F79EFBC}") = "Portlite.Api", "src\Portlite.Api\Portlite.Api.csproj", "{3F11957D-1E9B-4786-ADDB-9BB404805763}"
EndProject
Project("{FAE04EC0-301F-11D3-BF4B-00C04F79EFBC}") = "Portlite.Web", "src\Portlite.Web\Portlite.Web.csproj", "{ACE1F332-4A15-4B59-9898-7C4E1A7FE7FC}"
EndProject
Project("{FAE04EC0-301F-11D3-BF4B-00C04F79EFBC}") = "Portlite.Infrastructure", "src\Portlite.Infrastructure\Portlite.Infrastructure.csproj", "{8358BA9B-AD66-4FCB-A671-2C4E0F2CAEAE}"
EndProject
Project("{2150E333-8FDC-42A3-9474-1A3956D46DE8}") = "tests", "tests", "{0AB3BF05-4346-4AA6-1389-037BE0695223}"
EndProject
Project("{FAE04EC0-301F-11D3-BF4B-00C04F79EFBC}") = "Portlite.Api.Tests", "tests\Portlite.Api.Tests\Portlite.Api.Tests.csproj", "{5259BAAD-5EA8-4BE2-A4CE-863B80229798}"
EndProject
Global
	GlobalSection(SolutionConfigurationPlatforms) = preSolution
		Debug|Any CPU = Debug|Any CPU
		Debug|x64 = Debug|x64
		Debug|x86 = Debug|x86
		Release|Any CPU = Release|Any CPU
		Release|x64 = Release|x64
		Release|x86 = Release|x86
	EndGlobalSection
	GlobalSection(ProjectConfigurationPlatforms) = postSolution
		{19444F47-96BA-4E21-9F85-9E6BF68ED611}.Debug|Any CPU.ActiveCfg = Debug|Any CPU
		{19444F47-96BA-4E21-9F85-9E6BF68ED611}.Debug|Any CPU.Build.0 = Debug|Any CPU
		{19444F47-96BA-4E21-9F85-9E6BF68ED611}.Debug|x64.ActiveCfg = Debug|Any CPU
		{19444F47-96BA-4E21-9F85-9E6BF68ED611}.Debug|x64.Build.0 = Debug|Any CPU
		{19444F47-96BA-4E21-9F85-9E6BF68ED611}.Debug|x86.ActiveCfg = Debug|Any CPU
		{19444F47-96BA-4E21-9F85-9E6BF68ED611}.Debug|x86.Build.0 = Debug|Any CPU
		{19444F47-96BA-4E21-9F85-9E6BF68ED611}.Release|Any CPU.ActiveCfg = Release|Any CPU
		{19444F47-96BA-4E21-9F85-9E6BF68ED611}.Release|Any CPU.Build.0 = Release|Any CPU
		{19444F47-96BA-4E21-9F85-9E6BF68ED611}.Release|x64.ActiveCfg = Release|Any CPU
		{19444F47-96BA-4E21-9F85-9E6BF68ED611}.Release|x64.Build.0 = Release|Any CPU
		{19444F47-96BA-4E21-9F85-9E6BF68ED611}.Release|x86.ActiveCfg = Release|Any CPU
		{19444F47-96BA-4E21-9F85-9E6BF68ED611}.Release|x86.Build.0 = Release|Any CPU
		{0C813740-54A0-4A43-B60C-B70BC24FBB3F}.Debug|Any CPU.ActiveCfg = Debug|Any CPU
		{0C813740-54A0-4A43-B60C-B70BC24FBB3F}.Debug|Any CPU.Build.0 = Debug|Any CPU
		{0C813740-54A0-4A43-B60C-B70BC24FBB3F}.Debug|x64.ActiveCfg = Debug|Any CPU
		{0C813740-54A0-4A43-B60C-B70BC24FBB3F}.Debug|x64.Build.0 = Debug|Any CPU
		{0C813740-54A0-4A43-B60C-B70BC24FBB3F}.Debug|x86.ActiveCfg = Debug|Any CPU
		{0C813740-54A0-4A43-B60C-B70BC24FBB3F}.Debug|x86.Build.0 = Debug|Any CPU
		{0C813740-54A0-4A43-B60C-B70BC24FBB3F}.Release|Any CPU.ActiveCfg = Release|Any CPU
		{0C813740-54A0-4A43-B60C-B70BC24FBB3F}.Release|Any CPU.Build.0 = Release|Any CPU
		{0C813740-54A0-4A43-B60C-B70BC24FBB3F}.Release|x64.ActiveCfg = Release|Any CPU
		{0C813740-54A0-4A43-B60C-B70BC24FBB3F}.Release|x64.Build.0 = Release|Any CPU
		{0C813740-54A0-4A43-B60C-B70BC24FBB3F}.Release|x86.ActiveCfg = Release|Any CPU
		{0C813740-54A0-4A43-B60C-B70BC24FBB3F}.Release|x86.Build.0 = Release|Any CPU
		{3F11957D-1E9B-4786-ADDB-9BB404805763}.Debug|Any CPU.ActiveCfg = Debug|Any CPU
		{3F11957D-1E9B-4786-ADDB-9BB404805763}.Debug|Any CPU.Build.0 = Debug|Any CPU
		{3F11957D-1E9B-4786-ADDB-9BB404805763}.Debug|x64.ActiveCfg = Debug|Any CPU
		{3F11957D-1E9B-4786-ADDB-9BB404805763}.Debug|x64.Build.0 = Debug|Any CPU
		{3F11957D-1E9B-4786-ADDB-9BB404805763}.Debug|x86.ActiveCfg = Debug|Any CPU
		{3F11957D-1E9B-4786-ADDB-9BB404805763}.Debug|x86.Build.0 = Debug|Any CPU
		{3F11957D-1E9B-4786-ADDB-9BB404805763}.Release|Any CPU.ActiveCfg = Release|Any CPU
		{3F11957D-1E9B-4786-ADDB-9BB404805763}.Release|Any CPU.Build.0 = Release|Any CPU
		{3F11957D-1E9B-4786-ADDB-9BB404805763}.Release|x64.ActiveCfg = Release|Any CPU
		{3F11957D-1E9B-4786-ADDB-9BB404805763}.Release|x64.Build.0 = Release|Any CPU
		{3F11957D-1E9B-4786-ADDB-9BB404805763}.Release|x86.ActiveCfg = Release|Any CPU
		{3F11957D-1E9B-4786-ADDB-9BB404805763}.Release|x86.Build.0 = Release|Any CPU
		{ACE1F332-4A15-4B59-9898-7C4E1A7FE7FC}.Debug|Any CPU.ActiveCfg = Debug|Any CPU
		{ACE1F332-4A15-4B59-9898-7C4E1A7FE7FC}.Debug|Any CPU.Build.0 = Debug|Any CPU
		{ACE1F332-4A15-4B59-9898-7C4E1A7FE7FC}.Debug|x64.ActiveCfg = Debug|Any CPU
		{ACE1F332-4A15-4B59-9898-7C4E1A7FE7FC}.Debug|x64.Build.0 = Debug|Any CPU
		{ACE1F332-4A15-4B59-9898-7C4E1A7FE7FC}.Debug|x86.ActiveCfg = Debug|Any CPU
		{ACE1F332-4A15-4B59-9898-7C4E1A7FE7FC}.Debug|x86.Build.0 = Debug|Any CPU
		{ACE1F332-4A15-4B59-9898-7C4E1A7FE7FC}.Release|Any CPU.ActiveCfg = Release|Any CPU
		{ACE1F332-4A15-4B59-9898-7C4E1A7FE7FC}.Release|Any CPU.Build.0 = Release|Any CPU
		{ACE1F332-4A15-4B59-9898-7C4E1A7FE7FC}.Release|x64.ActiveCfg = Release|Any CPU
		{ACE1F332-4A15-4B59-9898-7C4E1A7FE7FC}.Release|x64.Build.0 = Release|Any CPU
		{ACE1F332-4A15-4B59-9898-7C4E1A7FE7FC}.Release|x86.ActiveCfg = Release|Any CPU
		{ACE1F332-4A15-4B59-9898-7C4E1A7FE7FC}.Release|x86.Build.0 = Release|Any CPU
		{8358BA9B-AD66-4FCB-A671-2C4E0F2CAEAE}.Debug|Any CPU.ActiveCfg = Debug|Any CPU
		{8358BA9B-AD66-4FCB-A671-2C4E0F2CAEAE}.Debug|Any CPU.Build.0 = Debug|Any CPU
		{8358BA9B-AD66-4FCB-A671-2C4E0F2CAEAE}.Debug|x64.ActiveCfg = Debug|Any CPU
		{8358BA9B-AD66-4FCB-A671-2C4E0F2CAEAE}.Debug|x64.Build.0 = Debug|Any CPU
		{8358BA9B-AD66-4FCB-A671-2C4E0F2CAEAE}.Debug|x86.ActiveCfg = Debug|Any CPU
		{8358BA9B-AD66-4FCB-A671-2C4E0F2CAEAE}.Debug|x86.Build.0 = Debug|Any CPU
		{8358BA9B-AD66-4FCB-A671-2C4E0F2CAEAE}.Release|Any CPU.ActiveCfg = Release|Any CPU
		{8358BA9B-AD66-4FCB-A671-2C4E0F2CAEAE}.Release|Any CPU.Build.0 = Release|Any CPU
		{8358BA9B-AD66-4FCB-A671-2C4E0F2CAEAE}.Release|x64.ActiveCfg = Release|Any CPU
		{8358BA9B-AD66-4FCB-A671-2C4E0F2CAEAE}.Release|x64.Build.0 = Release|Any CPU
		{8358BA9B-AD66-4FCB-A671-2C4E0F2CAEAE}.Release|x86.ActiveCfg = Release|Any CPU
		{8358BA9B-AD66-4FCB-A671-2C4E0F2CAEAE}.Release|x86.Build.0 = Release|Any CPU
		{5259BAAD-5EA8-4BE2-A4CE-863B80229798}.Debug|Any CPU.ActiveCfg = Debug|Any CPU
		{5259BAAD-5EA8-4BE2-A4CE-863B80229798}.Debug|Any CPU.Build.0 = Debug|Any CPU
		{5259BAAD-5EA8-4BE2-A4CE-863B80229798}.Debug|x64.ActiveCfg = Debug|Any CPU
		{5259BAAD-5EA8-4BE2-A4CE-863B80229798}.Debug|x64.Build.0 = Debug|Any CPU
		{5259BAAD-5EA8-4BE2-A4CE-863B80229798}.Debug|x86.ActiveCfg = Debug|Any CPU
		{5259BAAD-5EA8-4BE2-A4CE-863B80229798}.Debug|x86.Build.0 = Debug|Any CPU
		{5259BAAD-5EA8-4BE2-A4CE-863B80229798}.Release|Any CPU.ActiveCfg = Release|Any CPU
		{5259BAAD-5EA8-4BE2-A4CE-863B80229798}.Release|Any CPU.Build.0 = Release|Any CPU
		{5259BAAD-5EA8-4BE2-A4CE-863B80229798}.Release|x64.ActiveCfg = Release|Any CPU
		{5259BAAD-5EA8-4BE2-A4CE-863B80229798}.Release|x64.Build.0 = Release|Any CPU
		{5259BAAD-5EA8-4BE2-A4CE-863B80229798}.Release|x86.ActiveCfg = Release|Any CPU
		{5259BAAD-5EA8-4BE2-A4CE-863B80229798}.Release|x86.Build.0 = Release|Any CPU
	EndGlobalSection
	GlobalSection(SolutionProperties) = preSolution
		HideSolutionNode = FALSE
	EndGlobalSection
	GlobalSection(NestedProjects) = preSolution
		{19444F47-96BA-4E21-9F85-9E6BF68ED611} = {827E0CD3-B72D-47B6-A68D-7590B98EB39B}
		{0C813740-54A0-4A43-B60C-B70BC24FBB3F} = {827E0CD3-B72D-47B6-A68D-7590B98EB39B}
		{3F11957D-1E9B-4786-ADDB-9BB404805763} = {827E0CD3-B72D-47B6-A68D-7590B98EB39B}
		{ACE1F332-4A15-4B59-9898-7C4E1A7FE7FC} = {827E0CD3-B72D-47B6-A68D-7590B98EB39B}
		{8358BA9B-AD66-4FCB-A671-2C4E0F2CAEAE} = {827E0CD3-B72D-47B6-A68D-7590B98EB39B}
		{5259BAAD-5EA8-4BE2-A4CE-863B80229798} = {0AB3BF05-4346-4AA6-1389-037BE0695223}
	EndGlobalSection
EndGlobal
